// !$*UTF8*$!
{
	archiveVersion = 1;
	classes = {
	};
	objectVersion = 50;
	objects = {

/* Begin PBXBuildFile section */
		0980EE312446A5B500F28911 /* SymRez.h in Headers */ = {isa = PBXBuildFile; fileRef = 0980EE2F2446A5B500F28911 /* SymRez.h */; };
		0980EE322446A5B500F28911 /* SymRez.c in Sources */ = {isa = PBXBuildFile; fileRef = 0980EE302446A5B500F28911 /* SymRez.c */; };
		0986822327719CC100E01D0D /* Tests.m in Sources */ = {isa = PBXBuildFile; fileRef = 0986822227719CC100E01D0D /* Tests.m */; };
		0986822427719CC100E01D0D /* libSymRez.dylib in Frameworks */ = {isa = PBXBuildFile; fileRef = 0980EE282446A37A00F28911 /* libSymRez.dylib */; };
		0986822A27719DD600E01D0D /* SymRez.c in Sources */ = {isa = PBXBuildFile; fileRef = 0980EE302446A5B500F28911 /* SymRez.c */; };
/* End PBXBuildFile section */

/* Begin PBXContainerItemProxy section */
		0986822527719CC100E01D0D /* PBXContainerItemProxy */ = {
			isa = PBXContainerItemProxy;
			containerPortal = 0980EE202446A37A00F28911 /* Project object */;
			proxyType = 1;
			remoteGlobalIDString = 0980EE272446A37A00F28911;
			remoteInfo = SymRez;
		};
/* End PBXContainerItemProxy section */

/* Begin PBXFileReference section */
		0970FE212771B5C600B3012D /* module.modulemap */ = {isa = PBXFileReference; lastKnownFileType = "sourcecode.module-map"; name = module.modulemap; path = Sources/module.modulemap; sourceTree = "<group>"; };
		0980EE282446A37A00F28911 /* libSymRez.dylib */ = {isa = PBXFileReference; explicitFileType = "compiled.mach-o.dylib"; includeInIndex = 0; path = libSymRez.dylib; sourceTree = BUILT_PRODUCTS_DIR; };
		0980EE2F2446A5B500F28911 /* SymRez.h */ = {isa = PBXFileReference; lastKnownFileType = sourcecode.c.h; name = SymRez.h; path = Sources/SymRez.h; sourceTree = "<group>"; };
		0980EE302446A5B500F28911 /* SymRez.c */ = {isa = PBXFileReference; lastKnownFileType = sourcecode.c.c; name = SymRez.c; path = Sources/SymRez.c; sourceTree = "<group>"; };
		0986822027719CC100E01D0D /* Tests.xctest */ = {isa = PBXFileReference; explicitFileType = wrapper.cfbundle; includeInIndex = 0; path = Tests.xctest; sourceTree = BUILT_PRODUCTS_DIR; };
		0986822227719CC100E01D0D /* Tests.m */ = {isa = PBXFileReference; lastKnownFileType = sourcecode.c.objc; path = Tests.m; sourceTree = "<group>"; };
/* End PBXFileReference section */

/* Begin PBXFrameworksBuildPhase section */
		0980EE262446A37A00F28911 /* Frameworks */ = {
			isa = PBXFrameworksBuildPhase;
			buildActionMask = 2147483647;
			files = (
			);
			runOnlyForDeploymentPostprocessing = 0;
		};
		0986821D27719CC100E01D0D /* Frameworks */ = {
			isa = PBXFrameworksBuildPhase;
			buildActionMask = 2147483647;
			files = (
				0986822427719CC100E01D0D /* libSymRez.dylib in Frameworks */,
			);
			runOnlyForDeploymentPostprocessing = 0;
		};
/* End PBXFrameworksBuildPhase section */

/* Begin PBXGroup section */
		0980EE1F2446A37A00F28911 = {
			isa = PBXGroup;
			children = (
				0980EE2F2446A5B500F28911 /* SymRez.h */,
				0970FE212771B5C600B3012D /* module.modulemap */,
				0980EE302446A5B500F28911 /* SymRez.c */,
				0986822127719CC100E01D0D /* Tests */,
				0980EE292446A37A00F28911 /* Products */,
			);
			sourceTree = "<group>";
		};
		0980EE292446A37A00F28911 /* Products */ = {
			isa = PBXGroup;
			children = (
				0980EE282446A37A00F28911 /* libSymRez.dylib */,
				0986822027719CC100E01D0D /* Tests.xctest */,
			);
			name = Products;
			sourceTree = "<group>";
		};
		0986822127719CC100E01D0D /* Tests */ = {
			isa = PBXGroup;
			children = (
				0986822227719CC100E01D0D /* Tests.m */,
			);
			path = Tests;
			sourceTree = "<group>";
		};
/* End PBXGroup section */

/* Begin PBXHeadersBuildPhase section */
		0980EE242446A37A00F28911 /* Headers */ = {
			isa = PBXHeadersBuildPhase;
			buildActionMask = 2147483647;
			files = (
				0980EE312446A5B500F28911 /* SymRez.h in Headers */,
			);
			runOnlyForDeploymentPostprocessing = 0;
		};
/* End PBXHeadersBuildPhase section */

/* Begin PBXNativeTarget section */
		0980EE272446A37A00F28911 /* SymRez */ = {
			isa = PBXNativeTarget;
			buildConfigurationList = 0980EE2C2446A37A00F28911 /* Build configuration list for PBXNativeTarget "SymRez" */;
			buildPhases = (
				0980EE242446A37A00F28911 /* Headers */,
				0980EE252446A37A00F28911 /* Sources */,
				0980EE262446A37A00F28911 /* Frameworks */,
			);
			buildRules = (
			);
			dependencies = (
			);
			name = SymRez;
			productName = SymRez;
			productReference = 0980EE282446A37A00F28911 /* libSymRez.dylib */;
			productType = "com.apple.product-type.library.dynamic";
		};
		0986821F27719CC100E01D0D /* Tests */ = {
			isa = PBXNativeTarget;
			buildConfigurationList = 0986822927719CC100E01D0D /* Build configuration list for PBXNativeTarget "Tests" */;
			buildPhases = (
				0986821C27719CC100E01D0D /* Sources */,
				0986821D27719CC100E01D0D /* Frameworks */,
				0986821E27719CC100E01D0D /* Resources */,
			);
			buildRules = (
			);
			dependencies = (
				0986822627719CC100E01D0D /* PBXTargetDependency */,
			);
			name = Tests;
			productName = Tests;
			productReference = 0986822027719CC100E01D0D /* Tests.xctest */;
			productType = "com.apple.product-type.bundle.unit-test";
		};
/* End PBXNativeTarget section */

/* Begin PBXProject section */
		0980EE202446A37A00F28911 /* Project object */ = {
			isa = PBXProject;
			attributes = {
				LastUpgradeCheck = 1110;
				ORGANIZATIONNAME = "Jeremy Legendre";
				TargetAttributes = {
					0980EE272446A37A00F28911 = {
						CreatedOnToolsVersion = 11.1;
					};
					0986821F27719CC100E01D0D = {
						CreatedOnToolsVersion = 13.2;
					};
				};
			};
			buildConfigurationList = 0980EE232446A37A00F28911 /* Build configuration list for PBXProject "SymRez" */;
			compatibilityVersion = "Xcode 9.3";
			developmentRegion = en;
			hasScannedForEncodings = 0;
			knownRegions = (
				en,
				Base,
			);
			mainGroup = 0980EE1F2446A37A00F28911;
			productRefGroup = 0980EE292446A37A00F28911 /* Products */;
			projectDirPath = "";
			projectRoot = "";
			targets = (
				0980EE272446A37A00F28911 /* SymRez */,
				0986821F27719CC100E01D0D /* Tests */,
			);
		};
/* End PBXProject section */

/* Begin PBXResourcesBuildPhase section */
		0986821E27719CC100E01D0D /* Resources */ = {
			isa = PBXResourcesBuildPhase;
			buildActionMask = 2147483647;
			files = (
			);
			runOnlyForDeploymentPostprocessing = 0;
		};
/* End PBXResourcesBuildPhase section */

/* Begin PBXSourcesBuildPhase section */
		0980EE252446A37A00F28911 /* Sources */ = {
			isa = PBXSourcesBuildPhase;
			buildActionMask = 2147483647;
			files = (
				0980EE322446A5B500F28911 /* SymRez.c in Sources */,
			);
			runOnlyForDeploymentPostprocessing = 0;
		};
		0986821C27719CC100E01D0D /* Sources */ = {
			isa = PBXSourcesBuildPhase;
			buildActionMask = 2147483647;
			files = (
				0986822327719CC100E01D0D /* Tests.m in Sources */,
				0986822A27719DD600E01D0D /* SymRez.c in Sources */,
			);
			runOnlyForDeploymentPostprocessing = 0;
		};
/* End PBXSourcesBuildPhase section */

/* Begin PBXTargetDependency section */
		0986822627719CC100E01D0D /* PBXTargetDependency */ = {
			isa = PBXTargetDependency;
			target = 0980EE272446A37A00F28911 /* SymRez */;
			targetProxy = 0986822527719CC100E01D0D /* PBXContainerItemProxy */;
		};
/* End PBXTargetDependency section */

/* Begin XCBuildConfiguration section */
		0980EE2A2446A37A00F28911 /* Debug */ = {
			isa = XCBuildConfiguration;
			buildSettings = {
				ALWAYS_SEARCH_USER_PATHS = NO;
				CLANG_ANALYZER_NONNULL = YES;
				CLANG_ANALYZER_NUMBER_OBJECT_CONVERSION = YES_AGGRESSIVE;
				CLANG_CXX_LANGUAGE_STANDARD = "gnu++14";
				CLANG_CXX_LIBRARY = "libc++";
				CLANG_ENABLE_MODULES = YES;
				CLANG_ENABLE_OBJC_ARC = YES;
				CLANG_ENABLE_OBJC_WEAK = YES;
				CLANG_WARN_BLOCK_CAPTURE_AUTORELEASING = YES;
				CLANG_WARN_BOOL_CONVERSION = YES;
				CLANG_WARN_COMMA = YES;
				CLANG_WARN_CONSTANT_CONVERSION = YES;
				CLANG_WARN_DEPRECATED_OBJC_IMPLEMENTATIONS = YES;
				CLANG_WARN_DIRECT_OBJC_ISA_USAGE = YES_ERROR;
				CLANG_WARN_DOCUMENTATION_COMMENTS = YES;
				CLANG_WARN_EMPTY_BODY = YES;
				CLANG_WARN_ENUM_CONVERSION = YES;
				CLANG_WARN_INFINITE_RECURSION = YES;
				CLANG_WARN_INT_CONVERSION = YES;
				CLANG_WARN_NON_LITERAL_NULL_CONVERSION = YES;
				CLANG_WARN_OBJC_IMPLICIT_RETAIN_SELF = YES;
				CLANG_WARN_OBJC_LITERAL_CONVERSION = YES;
				CLANG_WARN_OBJC_ROOT_CLASS = YES_ERROR;
				CLANG_WARN_RANGE_LOOP_ANALYSIS = YES;
				CLANG_WARN_STRICT_PROTOTYPES = YES;
				CLANG_WARN_SUSPICIOUS_MOVE = YES;
				CLANG_WARN_UNGUARDED_AVAILABILITY = YES_AGGRESSIVE;
				CLANG_WARN_UNREACHABLE_CODE = YES;
				CLANG_WARN__DUPLICATE_METHOD_MATCH = YES;
				COPY_PHASE_STRIP = NO;
				DEBUG_INFORMATION_FORMAT = dwarf;
				ENABLE_STRICT_OBJC_MSGSEND = YES;
				ENABLE_TESTABILITY = YES;
				GCC_C_LANGUAGE_STANDARD = gnu11;
				GCC_DYNAMIC_NO_PIC = NO;
				GCC_NO_COMMON_BLOCKS = YES;
				GCC_OPTIMIZATION_LEVEL = 0;
				GCC_PREPROCESSOR_DEFINITIONS = (
					"DEBUG=1",
					"$(inherited)",
				);
				GCC_WARN_64_TO_32_BIT_CONVERSION = YES;
				GCC_WARN_ABOUT_RETURN_TYPE = YES_ERROR;
				GCC_WARN_UNDECLARED_SELECTOR = YES;
				GCC_WARN_UNINITIALIZED_AUTOS = YES_AGGRESSIVE;
				GCC_WARN_UNUSED_FUNCTION = YES;
				GCC_WARN_UNUSED_VARIABLE = YES;
				MACOSX_DEPLOYMENT_TARGET = 10.10;
				MTL_ENABLE_DEBUG_INFO = INCLUDE_SOURCE;
				MTL_FAST_MATH = YES;
				ONLY_ACTIVE_ARCH = YES;
				SDKROOT = macosx;
			};
			name = Debug;
		};
		0980EE2B2446A37A00F28911 /* Release */ = {
			isa = XCBuildConfiguration;
			buildSettings = {
				ALWAYS_SEARCH_USER_PATHS = NO;
				CLANG_ANALYZER_NONNULL = YES;
				CLANG_ANALYZER_NUMBER_OBJECT_CONVERSION = YES_AGGRESSIVE;
				CLANG_CXX_LANGUAGE_STANDARD = "gnu++14";
				CLANG_CXX_LIBRARY = "libc++";
				CLANG_ENABLE_MODULES = YES;
				CLANG_ENABLE_OBJC_ARC = YES;
				CLANG_ENABLE_OBJC_WEAK = YES;
				CLANG_WARN_BLOCK_CAPTURE_AUTORELEASING = YES;
				CLANG_WARN_BOOL_CONVERSION = YES;
				CLANG_WARN_COMMA = YES;
				CLANG_WARN_CONSTANT_CONVERSION = YES;
				CLANG_WARN_DEPRECATED_OBJC_IMPLEMENTATIONS = YES;
				CLANG_WARN_DIRECT_OBJC_ISA_USAGE = YES_ERROR;
				CLANG_WARN_DOCUMENTATION_COMMENTS = YES;
				CLANG_WARN_EMPTY_BODY = YES;
				CLANG_WARN_ENUM_CONVERSION = YES;
				CLANG_WARN_INFINITE_RECURSION = YES;
				CLANG_WARN_INT_CONVERSION = YES;
				CLANG_WARN_NON_LITERAL_NULL_CONVERSION = YES;
				CLANG_WARN_OBJC_IMPLICIT_RETAIN_SELF = YES;
				CLANG_WARN_OBJC_LITERAL_CONVERSION = YES;
				CLANG_WARN_OBJC_ROOT_CLASS = YES_ERROR;
				CLANG_WARN_RANGE_LOOP_ANALYSIS = YES;
				CLANG_WARN_STRICT_PROTOTYPES = YES;
				CLANG_WARN_SUSPICIOUS_MOVE = YES;
				CLANG_WARN_UNGUARDED_AVAILABILITY = YES_AGGRESSIVE;
				CLANG_WARN_UNREACHABLE_CODE = YES;
				CLANG_WARN__DUPLICATE_METHOD_MATCH = YES;
				COPY_PHASE_STRIP = NO;
				DEBUG_INFORMATION_FORMAT = "dwarf-with-dsym";
				ENABLE_NS_ASSERTIONS = NO;
				ENABLE_STRICT_OBJC_MSGSEND = YES;
				GCC_C_LANGUAGE_STANDARD = gnu11;
				GCC_NO_COMMON_BLOCKS = YES;
				GCC_WARN_64_TO_32_BIT_CONVERSION = YES;
				GCC_WARN_ABOUT_RETURN_TYPE = YES_ERROR;
				GCC_WARN_UNDECLARED_SELECTOR = YES;
				GCC_WARN_UNINITIALIZED_AUTOS = YES_AGGRESSIVE;
				GCC_WARN_UNUSED_FUNCTION = YES;
				GCC_WARN_UNUSED_VARIABLE = YES;
				MACOSX_DEPLOYMENT_TARGET = 10.10;
				MTL_ENABLE_DEBUG_INFO = NO;
				MTL_FAST_MATH = YES;
				SDKROOT = macosx;
			};
			name = Release;
		};
		0980EE2D2446A37A00F28911 /* Debug */ = {
			isa = XCBuildConfiguration;
			buildSettings = {
				APPLY_RULES_IN_COPY_HEADERS = YES;
				BUILD_LIBRARY_FOR_DISTRIBUTION = NO;
				CODE_SIGN_STYLE = Automatic;
				DEFINES_MODULE = YES;
				DEVELOPMENT_TEAM = G9T88PYL48;
				DYLIB_COMPATIBILITY_VERSION = 1;
				DYLIB_CURRENT_VERSION = 1;
				EXECUTABLE_PREFIX = lib;
				MACOSX_DEPLOYMENT_TARGET = 10.10;
				MODULEMAP_FILE = "$(SRCROOT)/SymRez/Sources/module.modulemap";
				PRODUCT_NAME = "$(TARGET_NAME)";
				SKIP_INSTALL = YES;
			};
			name = Debug;
		};
		0980EE2E2446A37A00F28911 /* Release */ = {
			isa = XCBuildConfiguration;
			buildSettings = {
				APPLY_RULES_IN_COPY_HEADERS = YES;
				BUILD_LIBRARY_FOR_DISTRIBUTION = YES;
				CODE_SIGN_STYLE = Automatic;
				DEFINES_MODULE = YES;
				DEVELOPMENT_TEAM = G9T88PYL48;
				DYLIB_COMPATIBILITY_VERSION = 1;
				DYLIB_CURRENT_VERSION = 1;
				EXECUTABLE_PREFIX = lib;
				MACOSX_DEPLOYMENT_TARGET = 10.10;
				MODULEMAP_FILE = "$(SRCROOT)/SymRez/Sources/module.modulemap";
				PRODUCT_NAME = "$(TARGET_NAME)";
				SKIP_INSTALL = YES;
			};
			name = Release;
		};
		0986822727719CC100E01D0D /* Debug */ = {
			isa = XCBuildConfiguration;
			buildSettings = {
				CLANG_CXX_LANGUAGE_STANDARD = "gnu++17";
				CLANG_WARN_QUOTED_INCLUDE_IN_FRAMEWORK_HEADER = YES;
				CODE_SIGN_STYLE = Automatic;
				CURRENT_PROJECT_VERSION = 1;
				DEVELOPMENT_TEAM = G9T88PYL48;
				GENERATE_INFOPLIST_FILE = YES;
				MACOSX_DEPLOYMENT_TARGET = 12.1;
				MARKETING_VERSION = 1.0;
				PRODUCT_BUNDLE_IDENTIFIER = com.github.jslegendre.Tests;
				PRODUCT_NAME = "$(TARGET_NAME)";
				SWIFT_EMIT_LOC_STRINGS = NO;
			};
			name = Debug;
		};
		0986822827719CC100E01D0D /* Release */ = {
			isa = XCBuildConfiguration;
			buildSettings = {
				CLANG_CXX_LANGUAGE_STANDARD = "gnu++17";
				CLANG_WARN_QUOTED_INCLUDE_IN_FRAMEWORK_HEADER = YES;
				CODE_SIGN_STYLE = Automatic;
				CURRENT_PROJECT_VERSION = 1;
				DEVELOPMENT_TEAM = G9T88PYL48;
				GENERATE_INFOPLIST_FILE = YES;
				MACOSX_DEPLOYMENT_TARGET = 12.1;
				MARKETING_VERSION = 1.0;
				PRODUCT_BUNDLE_IDENTIFIER = com.github.jslegendre.Tests;
				PRODUCT_NAME = "$(TARGET_NAME)";
				SWIFT_EMIT_LOC_STRINGS = NO;
			};
			name = Release;
		};
/* End XCBuildConfiguration section */

/* Begin XCConfigurationList section */
		0980EE232446A37A00F28911 /* Build configuration list for PBXProject "SymRez" */ = {
			isa = XCConfigurationList;
			buildConfigurations = (
				0980EE2A2446A37A00F28911 /* Debug */,
				0980EE2B2446A37A00F28911 /* Release */,
			);
			defaultConfigurationIsVisible = 0;
			defaultConfigurationName = Release;
		};
		0980EE2C2446A37A00F28911 /* Build configuration list for PBXNativeTarget "SymRez" */ = {
			isa = XCConfigurationList;
			buildConfigurations = (
				0980EE2D2446A37A00F28911 /* Debug */,
				0980EE2E2446A37A00F28911 /* Release */,
			);
			defaultConfigurationIsVisible = 0;
			defaultConfigurationName = Release;
		};
		0986822927719CC100E01D0D /* Build configuration list for PBXNativeTarget "Tests" */ = {
			isa = XCConfigurationList;
			buildConfigurations = (
				0986822727719CC100E01D0D /* Debug */,
				0986822827719CC100E01D0D /* Release */,
			);
			defaultConfigurationIsVisible = 0;
			defaultConfigurationName = Release;
		};
/* End XCConfigurationList section */
	};
	rootObject = 0980EE202446A37A00F28911 /* Project object */;
}
